
Microsoft Visual Studio Solution File, Format Version 9.00
# Visual Studio 2005
Project("{FAE04EC0-301F-11D3-BF4B-00C04F79EFBC}") = "dnppv.fileadapterfactory", "dnppv.fileadapterfactory\dnppv.fileadapterfactory.csproj", "{D8EBD3A0-2D8B-4F00-A695-2B290774D6EF}"
EndProject
Project("{FAE04EC0-301F-11D3-BF4B-00C04F79EFBC}") = "test.fileadapterfactory", "test.fileadapterfactory\test.fileadapterfactory.csproj", "{D9361853-75D2-4A1A-8C0E-BDBCFCA67A05}"
EndProject
Global
	GlobalSection(SolutionConfigurationPlatforms) = preSolution
		Debug|Any CPU = Debug|Any CPU
		Release|Any CPU = Release|Any CPU
	EndGlobalSection
	GlobalSection(ProjectConfigurationPlatforms) = postSolution
		{D8EBD3A0-2D8B-4F00-A695-2B290774D6EF}.Debug|Any CPU.ActiveCfg = Debug|Any CPU
		{D8EBD3A0-2D8B-4F00-A695-2B290774D6EF}.Debug|Any CPU.Build.0 = Debug|Any CPU
		{D8EBD3A0-2D8B-4F00-A695-2B290774D6EF}.Release|Any CPU.ActiveCfg = Release|Any CPU
		{D8EBD3A0-2D8B-4F00-A695-2B290774D6EF}.Release|Any CPU.Build.0 = Release|Any CPU
		{D9361853-75D2-4A1A-8C0E-BDBCFCA67A05}.Debug|Any CPU.ActiveCfg = Debug|Any CPU
		{D9361853-75D2-4A1A-8C0E-BDBCFCA67A05}.Debug|Any CPU.Build.0 = Debug|Any CPU
		{D9361853-75D2-4A1A-8C0E-BDBCFCA67A05}.Release|Any CPU.ActiveCfg = Release|Any CPU
		{D9361853-75D2-4A1A-8C0E-BDBCFCA67A05}.Release|Any CPU.Build.0 = Release|Any CPU
	EndGlobalSection
	GlobalSection(SolutionProperties) = preSolution
		HideSolutionNode = FALSE
	EndGlobalSection
EndGlobal
