
Microsoft Visual Studio Solution File, Format Version 9.00
# Visual Studio 2005
Project("{FAE04EC0-301F-11D3-BF4B-00C04F79EFBC}") = "dnppv.midifileadapter", "dnppv.midifileadapter\dnppv.midifileadapter.csproj", "{F999901D-40C8-4F76-9BE1-81388DB79799}"
EndProject
Project("{FAE04EC0-301F-11D3-BF4B-00C04F79EFBC}") = "test.whitebox.midifileadapter", "test.whitebox.midifileadapter\test.whitebox.midifileadapter.csproj", "{B2EE4318-2EBE-40AA-A18C-208DB3EB1381}"
EndProject
Global
	GlobalSection(SolutionConfigurationPlatforms) = preSolution
		Debug|Any CPU = Debug|Any CPU
		Release|Any CPU = Release|Any CPU
	EndGlobalSection
	GlobalSection(ProjectConfigurationPlatforms) = postSolution
		{F999901D-40C8-4F76-9BE1-81388DB79799}.Debug|Any CPU.ActiveCfg = Debug|Any CPU
		{F999901D-40C8-4F76-9BE1-81388DB79799}.Debug|Any CPU.Build.0 = Debug|Any CPU
		{F999901D-40C8-4F76-9BE1-81388DB79799}.Release|Any CPU.ActiveCfg = Release|Any CPU
		{F999901D-40C8-4F76-9BE1-81388DB79799}.Release|Any CPU.Build.0 = Release|Any CPU
		{B2EE4318-2EBE-40AA-A18C-208DB3EB1381}.Debug|Any CPU.ActiveCfg = Debug|Any CPU
		{B2EE4318-2EBE-40AA-A18C-208DB3EB1381}.Debug|Any CPU.Build.0 = Debug|Any CPU
		{B2EE4318-2EBE-40AA-A18C-208DB3EB1381}.Release|Any CPU.ActiveCfg = Release|Any CPU
		{B2EE4318-2EBE-40AA-A18C-208DB3EB1381}.Release|Any CPU.Build.0 = Release|Any CPU
	EndGlobalSection
	GlobalSection(SolutionProperties) = preSolution
		HideSolutionNode = FALSE
	EndGlobalSection
EndGlobal
