
Microsoft Visual Studio Solution File, Format Version 9.00
# Visual Studio 2005
Project("{FAE04EC0-301F-11D3-BF4B-00C04F79EFBC}") = "dnppv.pilepatternrecognizer", "dnppv.pilepatternrecognizer\dnppv.pilepatternrecognizer.csproj", "{68222253-ECEA-41AE-A3D8-126489A26B0A}"
EndProject
Project("{FAE04EC0-301F-11D3-BF4B-00C04F79EFBC}") = "test.blackbox.pilepatternrecognizer", "test.blackbox.pilepatternrecognizer\test.blackbox.pilepatternrecognizer.csproj", "{E150ABB3-6BEB-4FA2-8037-BDFADDC9E617}"
EndProject
Project("{FAE04EC0-301F-11D3-BF4B-00C04F79EFBC}") = "test.whitebox.pilepatternrecognizer", "test.whitebox.pilepatternrecognizer\test.whitebox.pilepatternrecognizer.csproj", "{8909E053-D2F4-4535-A517-3AAF96CD7241}"
EndProject
Global
	GlobalSection(SolutionConfigurationPlatforms) = preSolution
		Debug|Any CPU = Debug|Any CPU
		Release|Any CPU = Release|Any CPU
	EndGlobalSection
	GlobalSection(ProjectConfigurationPlatforms) = postSolution
		{68222253-ECEA-41AE-A3D8-126489A26B0A}.Debug|Any CPU.ActiveCfg = Debug|Any CPU
		{68222253-ECEA-41AE-A3D8-126489A26B0A}.Debug|Any CPU.Build.0 = Debug|Any CPU
		{68222253-ECEA-41AE-A3D8-126489A26B0A}.Release|Any CPU.ActiveCfg = Release|Any CPU
		{68222253-ECEA-41AE-A3D8-126489A26B0A}.Release|Any CPU.Build.0 = Release|Any CPU
		{E150ABB3-6BEB-4FA2-8037-BDFADDC9E617}.Debug|Any CPU.ActiveCfg = Debug|Any CPU
		{E150ABB3-6BEB-4FA2-8037-BDFADDC9E617}.Debug|Any CPU.Build.0 = Debug|Any CPU
		{E150ABB3-6BEB-4FA2-8037-BDFADDC9E617}.Release|Any CPU.ActiveCfg = Release|Any CPU
		{E150ABB3-6BEB-4FA2-8037-BDFADDC9E617}.Release|Any CPU.Build.0 = Release|Any CPU
		{8909E053-D2F4-4535-A517-3AAF96CD7241}.Debug|Any CPU.ActiveCfg = Debug|Any CPU
		{8909E053-D2F4-4535-A517-3AAF96CD7241}.Debug|Any CPU.Build.0 = Debug|Any CPU
		{8909E053-D2F4-4535-A517-3AAF96CD7241}.Release|Any CPU.ActiveCfg = Release|Any CPU
		{8909E053-D2F4-4535-A517-3AAF96CD7241}.Release|Any CPU.Build.0 = Release|Any CPU
	EndGlobalSection
	GlobalSection(SolutionProperties) = preSolution
		HideSolutionNode = FALSE
	EndGlobalSection
EndGlobal
